
Microsoft Visual Studio Solution File, Format Version 12.00
Project("{FAE04EC0-301F-11D3-BF4B-00C04F79EFBC}") = "IntuneAssistant.Web", "..\IntuneAssistant.Web.csproj", "{D314CAEC-8B7C-4788-B4C2-4D1592409319}"
EndProject
Global
	GlobalSection(SolutionConfigurationPlatforms) = preSolution
		Debug|Any CPU = Debug|Any CPU
		Release|Any CPU = Release|Any CPU
	EndGlobalSection
	GlobalSection(ProjectConfigurationPlatforms) = postSolution
		{D314CAEC-8B7C-4788-B4C2-4D1592409319}.Debug|Any CPU.ActiveCfg = Debug|Any CPU
		{D314CAEC-8B7C-4788-B4C2-4D1592409319}.Debug|Any CPU.Build.0 = Debug|Any CPU
		{D314CAEC-8B7C-4788-B4C2-4D1592409319}.Release|Any CPU.ActiveCfg = Release|Any CPU
		{D314CAEC-8B7C-4788-B4C2-4D1592409319}.Release|Any CPU.Build.0 = Release|Any CPU
	EndGlobalSection
EndGlobal
